// !$*UTF8*$!
{
	archiveVersion = 1;
	classes = {
	};
	objectVersion = 46;
	objects = {

/* Begin PBXBuildFile section */
		CB033EA61D81E00F00C2AD74 /* AppDelegate.swift in Sources */ = {isa = PBXBuildFile; fileRef = CB033EA51D81E00F00C2AD74 /* AppDelegate.swift */; };
		CB033EA81D81E00F00C2AD74 /* ViewController.swift in Sources */ = {isa = PBXBuildFile; fileRef = CB033EA71D81E00F00C2AD74 /* ViewController.swift */; };
		CB033EAB1D81E00F00C2AD74 /* Main.storyboard in Resources */ = {isa = PBXBuildFile; fileRef = CB033EA91D81E00F00C2AD74 /* Main.storyboard */; };
		CB033EAD1D81E00F00C2AD74 /* Assets.xcassets in Resources */ = {isa = PBXBuildFile; fileRef = CB033EAC1D81E00F00C2AD74 /* Assets.xcassets */; };
		CB033EB01D81E00F00C2AD74 /* LaunchScreen.storyboard in Resources */ = {isa = PBXBuildFile; fileRef = CB033EAE1D81E00F00C2AD74 /* LaunchScreen.storyboard */; };
/* End PBXBuildFile section */

/* Begin PBXFileReference section */
		CB033EA21D81E00F00C2AD74 /* beatles.app */ = {isa = PBXFileReference; explicitFileType = wrapper.application; includeInIndex = 0; path = beatles.app; sourceTree = BUILT_PRODUCTS_DIR; };
		CB033EA51D81E00F00C2AD74 /* AppDelegate.swift */ = {isa = PBXFileReference; lastKnownFileType = sourcecode.swift; path = AppDelegate.swift; sourceTree = "<group>"; };
		CB033EA71D81E00F00C2AD74 /* ViewController.swift */ = {isa = PBXFileReference; lastKnownFileType = sourcecode.swift; path = ViewController.swift; sourceTree = "<group>"; };
		CB033EAA1D81E00F00C2AD74 /* Base */ = {isa = PBXFileReference; lastKnownFileType = file.storyboard; name = Base; path = Base.lproj/Main.storyboard; sourceTree = "<group>"; };
		CB033EAC1D81E00F00C2AD74 /* Assets.xcassets */ = {isa = PBXFileReference; lastKnownFileType = folder.assetcatalog; path = Assets.xcassets; sourceTree = "<group>"; };
		CB033EAF1D81E00F00C2AD74 /* Base */ = {isa = PBXFileReference; lastKnownFileType = file.storyboard; name = Base; path = Base.lproj/LaunchScreen.storyboard; sourceTree = "<group>"; };
		CB033EB11D81E00F00C2AD74 /* Info.plist */ = {isa = PBXFileReference; lastKnownFileType = text.plist.xml; path = Info.plist; sourceTree = "<group>"; };
/* End PBXFileReference section */

/* Begin PBXFrameworksBuildPhase section */
		CB033E9F1D81E00F00C2AD74 /* Frameworks */ = {
			isa = PBXFrameworksBuildPhase;
			buildActionMask = 2147483647;
			files = (
			);
			runOnlyForDeploymentPostprocessing = 0;
		};
/* End PBXFrameworksBuildPhase section */

/* Begin PBXGroup section */
		CB033E991D81E00F00C2AD74 = {
			isa = PBXGroup;
			children = (
				CB033EA41D81E00F00C2AD74 /* beatles */,
				CB033EA31D81E00F00C2AD74 /* Products */,
			);
			sourceTree = "<group>";
		};
		CB033EA31D81E00F00C2AD74 /* Products */ = {
			isa = PBXGroup;
			children = (
				CB033EA21D81E00F00C2AD74 /* beatles.app */,
			);
			name = Products;
			sourceTree = "<group>";
		};
		CB033EA41D81E00F00C2AD74 /* beatles */ = {
			isa = PBXGroup;
			children = (
				CB033EA51D81E00F00C2AD74 /* AppDelegate.swift */,
				CB033EA71D81E00F00C2AD74 /* ViewController.swift */,
				CB033EA91D81E00F00C2AD74 /* Main.storyboard */,
				CB033EAC1D81E00F00C2AD74 /* Assets.xcassets */,
				CB033EAE1D81E00F00C2AD74 /* LaunchScreen.storyboard */,
				CB033EB11D81E00F00C2AD74 /* Info.plist */,
			);
			path = beatles;
			sourceTree = "<group>";
		};
/* End PBXGroup section */

/* Begin PBXNativeTarget section */
		CB033EA11D81E00F00C2AD74 /* beatles */ = {
			isa = PBXNativeTarget;
			buildConfigurationList = CB033EB41D81E00F00C2AD74 /* Build configuration list for PBXNativeTarget "beatles" */;
			buildPhases = (
				CB033E9E1D81E00F00C2AD74 /* Sources */,
				CB033E9F1D81E00F00C2AD74 /* Frameworks */,
				CB033EA01D81E00F00C2AD74 /* Resources */,
			);
			buildRules = (
			);
			dependencies = (
			);
			name = beatles;
			productName = beatles;
			productReference = CB033EA21D81E00F00C2AD74 /* beatles.app */;
			productType = "com.apple.product-type.application";
		};
/* End PBXNativeTarget section */

/* Begin PBXProject section */
		CB033E9A1D81E00F00C2AD74 /* Project object */ = {
			isa = PBXProject;
			attributes = {
				LastSwiftUpdateCheck = 0730;
				LastUpgradeCheck = 0730;
				ORGANIZATIONNAME = "Christina Nguyen";
				TargetAttributes = {
					CB033EA11D81E00F00C2AD74 = {
						CreatedOnToolsVersion = 7.3.1;
					};
				};
			};
			buildConfigurationList = CB033E9D1D81E00F00C2AD74 /* Build configuration list for PBXProject "beatles" */;
			compatibilityVersion = "Xcode 3.2";
			developmentRegion = English;
			hasScannedForEncodings = 0;
			knownRegions = (
				en,
				Base,
			);
			mainGroup = CB033E991D81E00F00C2AD74;
			productRefGroup = CB033EA31D81E00F00C2AD74 /* Products */;
			projectDirPath = "";
			projectRoot = "";
			targets = (
				CB033EA11D81E00F00C2AD74 /* beatles */,
			);
		};
/* End PBXProject section */

/* Begin PBXResourcesBuildPhase section */
		CB033EA01D81E00F00C2AD74 /* Resources */ = {
			isa = PBXResourcesBuildPhase;
			buildActionMask = 2147483647;
			files = (
				CB033EB01D81E00F00C2AD74 /* LaunchScreen.storyboard in Resources */,
				CB033EAD1D81E00F00C2AD74 /* Assets.xcassets in Resources */,
				CB033EAB1D81E00F00C2AD74 /* Main.storyboard in Resources */,
			);
			runOnlyForDeploymentPostprocessing = 0;
		};
/* End PBXResourcesBuildPhase section */

/* Begin PBXSourcesBuildPhase section */
		CB033E9E1D81E00F00C2AD74 /* Sources */ = {
			isa = PBXSourcesBuildPhase;
			buildActionMask = 2147483647;
			files = (
				CB033EA81D81E00F00C2AD74 /* ViewController.swift in Sources */,
				CB033EA61D81E00F00C2AD74 /* AppDelegate.swift in Sources */,
			);
			runOnlyForDeploymentPostprocessing = 0;
		};
/* End PBXSourcesBuildPhase section */

/* Begin PBXVariantGroup section */
		CB033EA91D81E00F00C2AD74 /* Main.storyboard */ = {
			isa = PBXVariantGroup;
			children = (
				CB033EAA1D81E00F00C2AD74 /* Base */,
			);
			name = Main.storyboard;
			sourceTree = "<group>";
		};
		CB033EAE1D81E00F00C2AD74 /* LaunchScreen.storyboard */ = {
			isa = PBXVariantGroup;
			children = (
				CB033EAF1D81E00F00C2AD74 /* Base */,
			);
			name = LaunchScreen.storyboard;
			sourceTree = "<group>";
		};
/* End PBXVariantGroup section */

/* Begin XCBuildConfiguration section */
		CB033EB21D81E00F00C2AD74 /* Debug */ = {
			isa = XCBuildConfiguration;
			buildSettings = {
				ALWAYS_SEARCH_USER_PATHS = NO;
				CLANG_ANALYZER_NONNULL = YES;
				CLANG_CXX_LANGUAGE_STANDARD = "gnu++0x";
				CLANG_CXX_LIBRARY = "libc++";
				CLANG_ENABLE_MODULES = YES;
				CLANG_ENABLE_OBJC_ARC = YES;
				CLANG_WARN_BOOL_CONVERSION = YES;
				CLANG_WARN_CONSTANT_CONVERSION = YES;
				CLANG_WARN_DIRECT_OBJC_ISA_USAGE = YES_ERROR;
				CLANG_WARN_EMPTY_BODY = YES;
				CLANG_WARN_ENUM_CONVERSION = YES;
				CLANG_WARN_INT_CONVERSION = YES;
				CLANG_WARN_OBJC_ROOT_CLASS = YES_ERROR;
				CLANG_WARN_UNREACHABLE_CODE = YES;
				CLANG_WARN__DUPLICATE_METHOD_MATCH = YES;
				"CODE_SIGN_IDENTITY[sdk=iphoneos*]" = "iPhone Developer";
				COPY_PHASE_STRIP = NO;
				DEBUG_INFORMATION_FORMAT = dwarf;
				ENABLE_STRICT_OBJC_MSGSEND = YES;
				ENABLE_TESTABILITY = YES;
				GCC_C_LANGUAGE_STANDARD = gnu99;
				GCC_DYNAMIC_NO_PIC = NO;
				GCC_NO_COMMON_BLOCKS = YES;
				GCC_OPTIMIZATION_LEVEL = 0;
				GCC_PREPROCESSOR_DEFINITIONS = (
					"DEBUG=1",
					"$(inherited)",
				);
				GCC_WARN_64_TO_32_BIT_CONVERSION = YES;
				GCC_WARN_ABOUT_RETURN_TYPE = YES_ERROR;
				GCC_WARN_UNDECLARED_SELECTOR = YES;
				GCC_WARN_UNINITIALIZED_AUTOS = YES_AGGRESSIVE;
				GCC_WARN_UNUSED_FUNCTION = YES;
				GCC_WARN_UNUSED_VARIABLE = YES;
				IPHONEOS_DEPLOYMENT_TARGET = 9.3;
				MTL_ENABLE_DEBUG_INFO = YES;
				ONLY_ACTIVE_ARCH = YES;
				SDKROOT = iphoneos;
				SWIFT_OPTIMIZATION_LEVEL = "-Onone";
			};
			name = Debug;
		};
		CB033EB31D81E00F00C2AD74 /* Release */ = {
			isa = XCBuildConfiguration;
			buildSettings = {
				ALWAYS_SEARCH_USER_PATHS = NO;
				CLANG_ANALYZER_NONNULL = YES;
				CLANG_CXX_LANGUAGE_STANDARD = "gnu++0x";
				CLANG_CXX_LIBRARY = "libc++";
				CLANG_ENABLE_MODULES = YES;
				CLANG_ENABLE_OBJC_ARC = YES;
				CLANG_WARN_BOOL_CONVERSION = YES;
				CLANG_WARN_CONSTANT_CONVERSION = YES;
				CLANG_WARN_DIRECT_OBJC_ISA_USAGE = YES_ERROR;
				CLANG_WARN_EMPTY_BODY = YES;
				CLANG_WARN_ENUM_CONVERSION = YES;
				CLANG_WARN_INT_CONVERSION = YES;
				CLANG_WARN_OBJC_ROOT_CLASS = YES_ERROR;
				CLANG_WARN_UNREACHABLE_CODE = YES;
				CLANG_WARN__DUPLICATE_METHOD_MATCH = YES;
				"CODE_SIGN_IDENTITY[sdk=iphoneos*]" = "iPhone Developer";
				COPY_PHASE_STRIP = NO;
				DEBUG_INFORMATION_FORMAT = "dwarf-with-dsym";
				ENABLE_NS_ASSERTIONS = NO;
				ENABLE_STRICT_OBJC_MSGSEND = YES;
				GCC_C_LANGUAGE_STANDARD = gnu99;
				GCC_NO_COMMON_BLOCKS = YES;
				GCC_WARN_64_TO_32_BIT_CONVERSION = YES;
				GCC_WARN_ABOUT_RETURN_TYPE = YES_ERROR;
				GCC_WARN_UNDECLARED_SELECTOR = YES;
				GCC_WARN_UNINITIALIZED_AUTOS = YES_AGGRESSIVE;
				GCC_WARN_UNUSED_FUNCTION = YES;
				GCC_WARN_UNUSED_VARIABLE = YES;
				IPHONEOS_DEPLOYMENT_TARGET = 9.3;
				MTL_ENABLE_DEBUG_INFO = NO;
				SDKROOT = iphoneos;
				VALIDATE_PRODUCT = YES;
			};
			name = Release;
		};
		CB033EB51D81E00F00C2AD74 /* Debug */ = {
			isa = XCBuildConfiguration;
			buildSettings = {
				ASSETCATALOG_COMPILER_APPICON_NAME = AppIcon;
				INFOPLIST_FILE = beatles/Info.plist;
				LD_RUNPATH_SEARCH_PATHS = "$(inherited) @executable_path/Frameworks";
				PRODUCT_BUNDLE_IDENTIFIER = cn.beatles;
				PRODUCT_NAME = "$(TARGET_NAME)";
			};
			name = Debug;
		};
		CB033EB61D81E00F00C2AD74 /* Release */ = {
			isa = XCBuildConfiguration;
			buildSettings = {
				ASSETCATALOG_COMPILER_APPICON_NAME = AppIcon;
				INFOPLIST_FILE = beatles/Info.plist;
				LD_RUNPATH_SEARCH_PATHS = "$(inherited) @executable_path/Frameworks";
				PRODUCT_BUNDLE_IDENTIFIER = cn.beatles;
				PRODUCT_NAME = "$(TARGET_NAME)";
			};
			name = Release;
		};
/* End XCBuildConfiguration section */

/* Begin XCConfigurationList section */
		CB033E9D1D81E00F00C2AD74 /* Build configuration list for PBXProject "beatles" */ = {
			isa = XCConfigurationList;
			buildConfigurations = (
				CB033EB21D81E00F00C2AD74 /* Debug */,
				CB033EB31D81E00F00C2AD74 /* Release */,
			);
			defaultConfigurationIsVisible = 0;
			defaultConfigurationName = Release;
		};
		CB033EB41D81E00F00C2AD74 /* Build configuration list for PBXNativeTarget "beatles" */ = {
			isa = XCConfigurationList;
			buildConfigurations = (
				CB033EB51D81E00F00C2AD74 /* Debug */,
				CB033EB61D81E00F00C2AD74 /* Release */,
			);
			defaultConfigurationIsVisible = 0;
		};
/* End XCConfigurationList section */
	};
	rootObject = CB033E9A1D81E00F00C2AD74 /* Project object */;
}
