// !$*UTF8*$!
{
	archiveVersion = 1;
	classes = {
	};
	objectVersion = 46;
	objects = {

/* Begin PBXBuildFile section */
		CBF162D51DA6C08F005A0647 /* AppDelegate.swift in Sources */ = {isa = PBXBuildFile; fileRef = CBF162D41DA6C08F005A0647 /* AppDelegate.swift */; };
		CBF162D71DA6C08F005A0647 /* ViewController.swift in Sources */ = {isa = PBXBuildFile; fileRef = CBF162D61DA6C08F005A0647 /* ViewController.swift */; };
		CBF162DA1DA6C08F005A0647 /* Main.storyboard in Resources */ = {isa = PBXBuildFile; fileRef = CBF162D81DA6C08F005A0647 /* Main.storyboard */; };
		CBF162DC1DA6C08F005A0647 /* Assets.xcassets in Resources */ = {isa = PBXBuildFile; fileRef = CBF162DB1DA6C08F005A0647 /* Assets.xcassets */; };
		CBF162DF1DA6C08F005A0647 /* LaunchScreen.storyboard in Resources */ = {isa = PBXBuildFile; fileRef = CBF162DD1DA6C08F005A0647 /* LaunchScreen.storyboard */; };
		CBF162E71DA6CEC2005A0647 /* AVFoundation.framework in Frameworks */ = {isa = PBXBuildFile; fileRef = CBF162E61DA6CEC2005A0647 /* AVFoundation.framework */; };
		CBF162E91DA6D0D1005A0647 /* Canon_In_D.mp3 in Resources */ = {isa = PBXBuildFile; fileRef = CBF162E81DA6D0D1005A0647 /* Canon_In_D.mp3 */; };
/* End PBXBuildFile section */

/* Begin PBXFileReference section */
		CBF162D11DA6C08F005A0647 /* gestures.app */ = {isa = PBXFileReference; explicitFileType = wrapper.application; includeInIndex = 0; path = gestures.app; sourceTree = BUILT_PRODUCTS_DIR; };
		CBF162D41DA6C08F005A0647 /* AppDelegate.swift */ = {isa = PBXFileReference; lastKnownFileType = sourcecode.swift; path = AppDelegate.swift; sourceTree = "<group>"; };
		CBF162D61DA6C08F005A0647 /* ViewController.swift */ = {isa = PBXFileReference; lastKnownFileType = sourcecode.swift; path = ViewController.swift; sourceTree = "<group>"; };
		CBF162D91DA6C08F005A0647 /* Base */ = {isa = PBXFileReference; lastKnownFileType = file.storyboard; name = Base; path = Base.lproj/Main.storyboard; sourceTree = "<group>"; };
		CBF162DB1DA6C08F005A0647 /* Assets.xcassets */ = {isa = PBXFileReference; lastKnownFileType = folder.assetcatalog; path = Assets.xcassets; sourceTree = "<group>"; };
		CBF162DE1DA6C08F005A0647 /* Base */ = {isa = PBXFileReference; lastKnownFileType = file.storyboard; name = Base; path = Base.lproj/LaunchScreen.storyboard; sourceTree = "<group>"; };
		CBF162E01DA6C08F005A0647 /* Info.plist */ = {isa = PBXFileReference; lastKnownFileType = text.plist.xml; path = Info.plist; sourceTree = "<group>"; };
		CBF162E61DA6CEC2005A0647 /* AVFoundation.framework */ = {isa = PBXFileReference; lastKnownFileType = wrapper.framework; name = AVFoundation.framework; path = System/Library/Frameworks/AVFoundation.framework; sourceTree = SDKROOT; };
		CBF162E81DA6D0D1005A0647 /* Canon_In_D.mp3 */ = {isa = PBXFileReference; lastKnownFileType = audio.mp3; path = Canon_In_D.mp3; sourceTree = "<group>"; };
/* End PBXFileReference section */

/* Begin PBXFrameworksBuildPhase section */
		CBF162CE1DA6C08F005A0647 /* Frameworks */ = {
			isa = PBXFrameworksBuildPhase;
			buildActionMask = 2147483647;
			files = (
				CBF162E71DA6CEC2005A0647 /* AVFoundation.framework in Frameworks */,
			);
			runOnlyForDeploymentPostprocessing = 0;
		};
/* End PBXFrameworksBuildPhase section */

/* Begin PBXGroup section */
		CBF162C81DA6C08F005A0647 = {
			isa = PBXGroup;
			children = (
				CBF162E61DA6CEC2005A0647 /* AVFoundation.framework */,
				CBF162D31DA6C08F005A0647 /* gestures */,
				CBF162D21DA6C08F005A0647 /* Products */,
			);
			sourceTree = "<group>";
		};
		CBF162D21DA6C08F005A0647 /* Products */ = {
			isa = PBXGroup;
			children = (
				CBF162D11DA6C08F005A0647 /* gestures.app */,
			);
			name = Products;
			sourceTree = "<group>";
		};
		CBF162D31DA6C08F005A0647 /* gestures */ = {
			isa = PBXGroup;
			children = (
				CBF162D41DA6C08F005A0647 /* AppDelegate.swift */,
				CBF162D61DA6C08F005A0647 /* ViewController.swift */,
				CBF162D81DA6C08F005A0647 /* Main.storyboard */,
				CBF162DB1DA6C08F005A0647 /* Assets.xcassets */,
				CBF162E81DA6D0D1005A0647 /* Canon_In_D.mp3 */,
				CBF162DD1DA6C08F005A0647 /* LaunchScreen.storyboard */,
				CBF162E01DA6C08F005A0647 /* Info.plist */,
			);
			path = gestures;
			sourceTree = "<group>";
		};
/* End PBXGroup section */

/* Begin PBXNativeTarget section */
		CBF162D01DA6C08F005A0647 /* gestures */ = {
			isa = PBXNativeTarget;
			buildConfigurationList = CBF162E31DA6C08F005A0647 /* Build configuration list for PBXNativeTarget "gestures" */;
			buildPhases = (
				CBF162CD1DA6C08F005A0647 /* Sources */,
				CBF162CE1DA6C08F005A0647 /* Frameworks */,
				CBF162CF1DA6C08F005A0647 /* Resources */,
			);
			buildRules = (
			);
			dependencies = (
			);
			name = gestures;
			productName = gestures;
			productReference = CBF162D11DA6C08F005A0647 /* gestures.app */;
			productType = "com.apple.product-type.application";
		};
/* End PBXNativeTarget section */

/* Begin PBXProject section */
		CBF162C91DA6C08F005A0647 /* Project object */ = {
			isa = PBXProject;
			attributes = {
				LastSwiftUpdateCheck = 0730;
				LastUpgradeCheck = 0730;
				ORGANIZATIONNAME = "Christina Nguyen";
				TargetAttributes = {
					CBF162D01DA6C08F005A0647 = {
						CreatedOnToolsVersion = 7.3.1;
					};
				};
			};
			buildConfigurationList = CBF162CC1DA6C08F005A0647 /* Build configuration list for PBXProject "gestures" */;
			compatibilityVersion = "Xcode 3.2";
			developmentRegion = English;
			hasScannedForEncodings = 0;
			knownRegions = (
				en,
				Base,
			);
			mainGroup = CBF162C81DA6C08F005A0647;
			productRefGroup = CBF162D21DA6C08F005A0647 /* Products */;
			projectDirPath = "";
			projectRoot = "";
			targets = (
				CBF162D01DA6C08F005A0647 /* gestures */,
			);
		};
/* End PBXProject section */

/* Begin PBXResourcesBuildPhase section */
		CBF162CF1DA6C08F005A0647 /* Resources */ = {
			isa = PBXResourcesBuildPhase;
			buildActionMask = 2147483647;
			files = (
				CBF162E91DA6D0D1005A0647 /* Canon_In_D.mp3 in Resources */,
				CBF162DF1DA6C08F005A0647 /* LaunchScreen.storyboard in Resources */,
				CBF162DC1DA6C08F005A0647 /* Assets.xcassets in Resources */,
				CBF162DA1DA6C08F005A0647 /* Main.storyboard in Resources */,
			);
			runOnlyForDeploymentPostprocessing = 0;
		};
/* End PBXResourcesBuildPhase section */

/* Begin PBXSourcesBuildPhase section */
		CBF162CD1DA6C08F005A0647 /* Sources */ = {
			isa = PBXSourcesBuildPhase;
			buildActionMask = 2147483647;
			files = (
				CBF162D71DA6C08F005A0647 /* ViewController.swift in Sources */,
				CBF162D51DA6C08F005A0647 /* AppDelegate.swift in Sources */,
			);
			runOnlyForDeploymentPostprocessing = 0;
		};
/* End PBXSourcesBuildPhase section */

/* Begin PBXVariantGroup section */
		CBF162D81DA6C08F005A0647 /* Main.storyboard */ = {
			isa = PBXVariantGroup;
			children = (
				CBF162D91DA6C08F005A0647 /* Base */,
			);
			name = Main.storyboard;
			sourceTree = "<group>";
		};
		CBF162DD1DA6C08F005A0647 /* LaunchScreen.storyboard */ = {
			isa = PBXVariantGroup;
			children = (
				CBF162DE1DA6C08F005A0647 /* Base */,
			);
			name = LaunchScreen.storyboard;
			sourceTree = "<group>";
		};
/* End PBXVariantGroup section */

/* Begin XCBuildConfiguration section */
		CBF162E11DA6C08F005A0647 /* Debug */ = {
			isa = XCBuildConfiguration;
			buildSettings = {
				ALWAYS_SEARCH_USER_PATHS = NO;
				CLANG_ANALYZER_NONNULL = YES;
				CLANG_CXX_LANGUAGE_STANDARD = "gnu++0x";
				CLANG_CXX_LIBRARY = "libc++";
				CLANG_ENABLE_MODULES = YES;
				CLANG_ENABLE_OBJC_ARC = YES;
				CLANG_WARN_BOOL_CONVERSION = YES;
				CLANG_WARN_CONSTANT_CONVERSION = YES;
				CLANG_WARN_DIRECT_OBJC_ISA_USAGE = YES_ERROR;
				CLANG_WARN_EMPTY_BODY = YES;
				CLANG_WARN_ENUM_CONVERSION = YES;
				CLANG_WARN_INT_CONVERSION = YES;
				CLANG_WARN_OBJC_ROOT_CLASS = YES_ERROR;
				CLANG_WARN_UNREACHABLE_CODE = YES;
				CLANG_WARN__DUPLICATE_METHOD_MATCH = YES;
				"CODE_SIGN_IDENTITY[sdk=iphoneos*]" = "iPhone Developer";
				COPY_PHASE_STRIP = NO;
				DEBUG_INFORMATION_FORMAT = dwarf;
				ENABLE_STRICT_OBJC_MSGSEND = YES;
				ENABLE_TESTABILITY = YES;
				GCC_C_LANGUAGE_STANDARD = gnu99;
				GCC_DYNAMIC_NO_PIC = NO;
				GCC_NO_COMMON_BLOCKS = YES;
				GCC_OPTIMIZATION_LEVEL = 0;
				GCC_PREPROCESSOR_DEFINITIONS = (
					"DEBUG=1",
					"$(inherited)",
				);
				GCC_WARN_64_TO_32_BIT_CONVERSION = YES;
				GCC_WARN_ABOUT_RETURN_TYPE = YES_ERROR;
				GCC_WARN_UNDECLARED_SELECTOR = YES;
				GCC_WARN_UNINITIALIZED_AUTOS = YES_AGGRESSIVE;
				GCC_WARN_UNUSED_FUNCTION = YES;
				GCC_WARN_UNUSED_VARIABLE = YES;
				IPHONEOS_DEPLOYMENT_TARGET = 9.3;
				MTL_ENABLE_DEBUG_INFO = YES;
				ONLY_ACTIVE_ARCH = YES;
				SDKROOT = iphoneos;
				SWIFT_OPTIMIZATION_LEVEL = "-Onone";
			};
			name = Debug;
		};
		CBF162E21DA6C08F005A0647 /* Release */ = {
			isa = XCBuildConfiguration;
			buildSettings = {
				ALWAYS_SEARCH_USER_PATHS = NO;
				CLANG_ANALYZER_NONNULL = YES;
				CLANG_CXX_LANGUAGE_STANDARD = "gnu++0x";
				CLANG_CXX_LIBRARY = "libc++";
				CLANG_ENABLE_MODULES = YES;
				CLANG_ENABLE_OBJC_ARC = YES;
				CLANG_WARN_BOOL_CONVERSION = YES;
				CLANG_WARN_CONSTANT_CONVERSION = YES;
				CLANG_WARN_DIRECT_OBJC_ISA_USAGE = YES_ERROR;
				CLANG_WARN_EMPTY_BODY = YES;
				CLANG_WARN_ENUM_CONVERSION = YES;
				CLANG_WARN_INT_CONVERSION = YES;
				CLANG_WARN_OBJC_ROOT_CLASS = YES_ERROR;
				CLANG_WARN_UNREACHABLE_CODE = YES;
				CLANG_WARN__DUPLICATE_METHOD_MATCH = YES;
				"CODE_SIGN_IDENTITY[sdk=iphoneos*]" = "iPhone Developer";
				COPY_PHASE_STRIP = NO;
				DEBUG_INFORMATION_FORMAT = "dwarf-with-dsym";
				ENABLE_NS_ASSERTIONS = NO;
				ENABLE_STRICT_OBJC_MSGSEND = YES;
				GCC_C_LANGUAGE_STANDARD = gnu99;
				GCC_NO_COMMON_BLOCKS = YES;
				GCC_WARN_64_TO_32_BIT_CONVERSION = YES;
				GCC_WARN_ABOUT_RETURN_TYPE = YES_ERROR;
				GCC_WARN_UNDECLARED_SELECTOR = YES;
				GCC_WARN_UNINITIALIZED_AUTOS = YES_AGGRESSIVE;
				GCC_WARN_UNUSED_FUNCTION = YES;
				GCC_WARN_UNUSED_VARIABLE = YES;
				IPHONEOS_DEPLOYMENT_TARGET = 9.3;
				MTL_ENABLE_DEBUG_INFO = NO;
				SDKROOT = iphoneos;
				VALIDATE_PRODUCT = YES;
			};
			name = Release;
		};
		CBF162E41DA6C08F005A0647 /* Debug */ = {
			isa = XCBuildConfiguration;
			buildSettings = {
				ASSETCATALOG_COMPILER_APPICON_NAME = AppIcon;
				INFOPLIST_FILE = gestures/Info.plist;
				LD_RUNPATH_SEARCH_PATHS = "$(inherited) @executable_path/Frameworks";
				PRODUCT_BUNDLE_IDENTIFIER = cn.gestures;
				PRODUCT_NAME = "$(TARGET_NAME)";
			};
			name = Debug;
		};
		CBF162E51DA6C08F005A0647 /* Release */ = {
			isa = XCBuildConfiguration;
			buildSettings = {
				ASSETCATALOG_COMPILER_APPICON_NAME = AppIcon;
				INFOPLIST_FILE = gestures/Info.plist;
				LD_RUNPATH_SEARCH_PATHS = "$(inherited) @executable_path/Frameworks";
				PRODUCT_BUNDLE_IDENTIFIER = cn.gestures;
				PRODUCT_NAME = "$(TARGET_NAME)";
			};
			name = Release;
		};
/* End XCBuildConfiguration section */

/* Begin XCConfigurationList section */
		CBF162CC1DA6C08F005A0647 /* Build configuration list for PBXProject "gestures" */ = {
			isa = XCConfigurationList;
			buildConfigurations = (
				CBF162E11DA6C08F005A0647 /* Debug */,
				CBF162E21DA6C08F005A0647 /* Release */,
			);
			defaultConfigurationIsVisible = 0;
			defaultConfigurationName = Release;
		};
		CBF162E31DA6C08F005A0647 /* Build configuration list for PBXNativeTarget "gestures" */ = {
			isa = XCConfigurationList;
			buildConfigurations = (
				CBF162E41DA6C08F005A0647 /* Debug */,
				CBF162E51DA6C08F005A0647 /* Release */,
			);
			defaultConfigurationIsVisible = 0;
		};
/* End XCConfigurationList section */
	};
	rootObject = CBF162C91DA6C08F005A0647 /* Project object */;
}
